PODS:
  - boost-for-react-native (1.63.0)
  - CocoaAsyncSocket (7.6.5)
  - DoubleConversion (1.1.6)
  - EXApplication (4.0.2):
    - ExpoModulesCore
  - EXCamera (12.0.3):
    - ExpoModulesCore
  - EXConstants (13.0.2):
    - ExpoModulesCore
  - EXFileSystem (13.1.4):
    - ExpoModulesCore
  - EXFont (10.0.5):
    - ExpoModulesCore
  - EXGL (11.0.3):
    - EXGL_CPP
    - ExpoModulesCore
  - EXGL_CPP (11.0.1):
    - React-jsi
  - EXKeepAwake (10.0.2):
    - ExpoModulesCore
  - EXMediaLibrary (14.0.1):
    - ExpoModulesCore
    - React-Core
  - Expo (44.0.0):
    - ExpoModulesCore
  - ExpoModulesCore (0.6.3):
    - React-Core
    - ReactCommon/turbomodule/core
  - EXScreenOrientation (4.1.2):
    - ExpoModulesCore
    - React-Core
  - EXVideoThumbnails (6.2.0):
    - ExpoModulesCore
  - FBLazyVector (0.64.0)
  - FBReactNativeSpec (0.64.0):
    - RCT-Folly (= 2020.01.13.00)
    - RCTRequired (= 0.64.0)
    - RCTTypeSafety (= 0.64.0)
    - React-Core (= 0.64.0)
    - React-jsi (= 0.64.0)
    - ReactCommon/turbomodule/core (= 0.64.0)
  - Firebase/CoreOnly (8.14.0):
    - FirebaseCore (= 8.14.0)
  - Firebase/Storage (8.14.0):
    - Firebase/CoreOnly
    - FirebaseStorage (~> 8.14.0)
  - FirebaseCore (8.14.0):
    - FirebaseCoreDiagnostics (~> 8.0)
    - GoogleUtilities/Environment (~> 7.7)
    - GoogleUtilities/Logger (~> 7.7)
  - FirebaseCoreDiagnostics (8.15.0):
    - GoogleDataTransport (~> 9.1)
    - GoogleUtilities/Environment (~> 7.7)
    - GoogleUtilities/Logger (~> 7.7)
    - nanopb (~> 2.30908.0)
  - FirebaseStorage (8.14.0):
    - FirebaseCore (~> 8.0)
    - GTMSessionFetcher/Core (~> 1.5)
  - Flipper (0.75.1):
    - Flipper-Folly (~> 2.5)
    - Flipper-RSocket (~> 1.3)
  - Flipper-Boost-iOSX (1.76.0.1.11)
  - Flipper-DoubleConversion (1.1.7)
  - Flipper-Fmt (7.1.7)
  - Flipper-Folly (2.6.10):
    - Flipper-Boost-iOSX
    - Flipper-DoubleConversion
    - Flipper-Fmt (= 7.1.7)
    - Flipper-Glog
    - libevent (~> 2.1.12)
    - OpenSSL-Universal (= 1.1.1100)
  - Flipper-Glog (0.3.6)
  - Flipper-PeerTalk (0.0.4)
  - Flipper-RSocket (1.4.3):
    - Flipper-Folly (~> 2.6)
  - FlipperKit (0.75.1):
    - FlipperKit/Core (= 0.75.1)
  - FlipperKit/Core (0.75.1):
    - Flipper (~> 0.75.1)
    - FlipperKit/CppBridge
    - FlipperKit/FBCxxFollyDynamicConvert
    - FlipperKit/FBDefines
    - FlipperKit/FKPortForwarding
  - FlipperKit/CppBridge (0.75.1):
    - Flipper (~> 0.75.1)
  - FlipperKit/FBCxxFollyDynamicConvert (0.75.1):
    - Flipper-Folly (~> 2.5)
  - FlipperKit/FBDefines (0.75.1)
  - FlipperKit/FKPortForwarding (0.75.1):
    - CocoaAsyncSocket (~> 7.6)
    - Flipper-PeerTalk (~> 0.0.4)
  - FlipperKit/FlipperKitHighlightOverlay (0.75.1)
  - FlipperKit/FlipperKitLayoutPlugin (0.75.1):
    - FlipperKit/Core
    - FlipperKit/FlipperKitHighlightOverlay
    - FlipperKit/FlipperKitLayoutTextSearchable
    - YogaKit (~> 1.18)
  - FlipperKit/FlipperKitLayoutTextSearchable (0.75.1)
  - FlipperKit/FlipperKitNetworkPlugin (0.75.1):
    - FlipperKit/Core
  - FlipperKit/FlipperKitReactPlugin (0.75.1):
    - FlipperKit/Core
  - FlipperKit/FlipperKitUserDefaultsPlugin (0.75.1):
    - FlipperKit/Core
  - FlipperKit/SKIOSNetworkPlugin (0.75.1):
    - FlipperKit/Core
    - FlipperKit/FlipperKitNetworkPlugin
  - glog (0.3.5)
  - GoogleDataTransport (9.1.4):
    - GoogleUtilities/Environment (~> 7.7)
    - nanopb (< 2.30910.0, >= 2.30908.0)
    - PromisesObjC (< 3.0, >= 1.2)
  - GoogleUtilities/Environment (7.7.0):
    - PromisesObjC (< 3.0, >= 1.2)
  - GoogleUtilities/Logger (7.7.0):
    - GoogleUtilities/Environment
  - GTMSessionFetcher/Core (1.7.2)
  - libevent (2.1.12)
  - lottie-ios (3.2.3)
  - lottie-react-native (5.0.1):
    - lottie-ios (~> 3.2.3)
    - React-Core
  - mobile-ffmpeg-https (4.4)
  - nanopb (2.30908.0):
    - nanopb/decode (= 2.30908.0)
    - nanopb/encode (= 2.30908.0)
  - nanopb/decode (2.30908.0)
  - nanopb/encode (2.30908.0)
  - OpenSSL-Universal (1.1.1100)
  - PromisesObjC (2.1.0)
  - RCT-Folly (2020.01.13.00):
    - boost-for-react-native
    - DoubleConversion
    - glog
    - RCT-Folly/Default (= 2020.01.13.00)
  - RCT-Folly/Default (2020.01.13.00):
    - boost-for-react-native
    - DoubleConversion
    - glog
  - RCTRequired (0.64.0)
  - RCTTypeSafety (0.64.0):
    - FBLazyVector (= 0.64.0)
    - RCT-Folly (= 2020.01.13.00)
    - RCTRequired (= 0.64.0)
    - React-Core (= 0.64.0)
  - React (0.64.0):
    - React-Core (= 0.64.0)
    - React-Core/DevSupport (= 0.64.0)
    - React-Core/RCTWebSocket (= 0.64.0)
    - React-RCTActionSheet (= 0.64.0)
    - React-RCTAnimation (= 0.64.0)
    - React-RCTBlob (= 0.64.0)
    - React-RCTImage (= 0.64.0)
    - React-RCTLinking (= 0.64.0)
    - React-RCTNetwork (= 0.64.0)
    - React-RCTSettings (= 0.64.0)
    - React-RCTText (= 0.64.0)
    - React-RCTVibration (= 0.64.0)
  - React-callinvoker (0.64.0)
  - React-Core (0.64.0):
    - glog
    - RCT-Folly (= 2020.01.13.00)
    - React-Core/Default (= 0.64.0)
    - React-cxxreact (= 0.64.0)
    - React-jsi (= 0.64.0)
    - React-jsiexecutor (= 0.64.0)
    - React-perflogger (= 0.64.0)
    - Yoga
  - React-Core/CoreModulesHeaders (0.64.0):
    - glog
    - RCT-Folly (= 2020.01.13.00)
    - React-Core/Default
    - React-cxxreact (= 0.64.0)
    - React-jsi (= 0.64.0)
    - React-jsiexecutor (= 0.64.0)
    - React-perflogger (= 0.64.0)
    - Yoga
  - React-Core/Default (0.64.0):
    - glog
    - RCT-Folly (= 2020.01.13.00)
    - React-cxxreact (= 0.64.0)
    - React-jsi (= 0.64.0)
    - React-jsiexecutor (= 0.64.0)
    - React-perflogger (= 0.64.0)
    - Yoga
  - React-Core/DevSupport (0.64.0):
    - glog
    - RCT-Folly (= 2020.01.13.00)
    - React-Core/Default (= 0.64.0)
    - React-Core/RCTWebSocket (= 0.64.0)
    - React-cxxreact (= 0.64.0)
    - React-jsi (= 0.64.0)
    - React-jsiexecutor (= 0.64.0)
    - React-jsinspector (= 0.64.0)
    - React-perflogger (= 0.64.0)
    - Yoga
  - React-Core/RCTActionSheetHeaders (0.64.0):
    - glog
    - RCT-Folly (= 2020.01.13.00)
    - React-Core/Default
    - React-cxxreact (= 0.64.0)
    - React-jsi (= 0.64.0)
    - React-jsiexecutor (= 0.64.0)
    - React-perflogger (= 0.64.0)
    - Yoga
  - React-Core/RCTAnimationHeaders (0.64.0):
    - glog
    - RCT-Folly (= 2020.01.13.00)
    - React-Core/Default
    - React-cxxreact (= 0.64.0)
    - React-jsi (= 0.64.0)
    - React-jsiexecutor (= 0.64.0)
    - React-perflogger (= 0.64.0)
    - Yoga
  - React-Core/RCTBlobHeaders (0.64.0):
    - glog
    - RCT-Folly (= 2020.01.13.00)
    - React-Core/Default
    - React-cxxreact (= 0.64.0)
    - React-jsi (= 0.64.0)
    - React-jsiexecutor (= 0.64.0)
    - React-perflogger (= 0.64.0)
    - Yoga
  - React-Core/RCTImageHeaders (0.64.0):
    - glog
    - RCT-Folly (= 2020.01.13.00)
    - React-Core/Default
    - React-cxxreact (= 0.64.0)
    - React-jsi (= 0.64.0)
    - React-jsiexecutor (= 0.64.0)
    - React-perflogger (= 0.64.0)
    - Yoga
  - React-Core/RCTLinkingHeaders (0.64.0):
    - glog
    - RCT-Folly (= 2020.01.13.00)
    - React-Core/Default
    - React-cxxreact (= 0.64.0)
    - React-jsi (= 0.64.0)
    - React-jsiexecutor (= 0.64.0)
    - React-perflogger (= 0.64.0)
    - Yoga
  - React-Core/RCTNetworkHeaders (0.64.0):
    - glog
    - RCT-Folly (= 2020.01.13.00)
    - React-Core/Default
    - React-cxxreact (= 0.64.0)
    - React-jsi (= 0.64.0)
    - React-jsiexecutor (= 0.64.0)
    - React-perflogger (= 0.64.0)
    - Yoga
  - React-Core/RCTSettingsHeaders (0.64.0):
    - glog
    - RCT-Folly (= 2020.01.13.00)
    - React-Core/Default
    - React-cxxreact (= 0.64.0)
    - React-jsi (= 0.64.0)
    - React-jsiexecutor (= 0.64.0)
    - React-perflogger (= 0.64.0)
    - Yoga
  - React-Core/RCTTextHeaders (0.64.0):
    - glog
    - RCT-Folly (= 2020.01.13.00)
    - React-Core/Default
    - React-cxxreact (= 0.64.0)
    - React-jsi (= 0.64.0)
    - React-jsiexecutor (= 0.64.0)
    - React-perflogger (= 0.64.0)
    - Yoga
  - React-Core/RCTVibrationHeaders (0.64.0):
    - glog
    - RCT-Folly (= 2020.01.13.00)
    - React-Core/Default
    - React-cxxreact (= 0.64.0)
    - React-jsi (= 0.64.0)
    - React-jsiexecutor (= 0.64.0)
    - React-perflogger (= 0.64.0)
    - Yoga
  - React-Core/RCTWebSocket (0.64.0):
    - glog
    - RCT-Folly (= 2020.01.13.00)
    - React-Core/Default (= 0.64.0)
    - React-cxxreact (= 0.64.0)
    - React-jsi (= 0.64.0)
    - React-jsiexecutor (= 0.64.0)
    - React-perflogger (= 0.64.0)
    - Yoga
  - React-CoreModules (0.64.0):
    - FBReactNativeSpec (= 0.64.0)
    - RCT-Folly (= 2020.01.13.00)
    - RCTTypeSafety (= 0.64.0)
    - React-Core/CoreModulesHeaders (= 0.64.0)
    - React-jsi (= 0.64.0)
    - React-RCTImage (= 0.64.0)
    - ReactCommon/turbomodule/core (= 0.64.0)
  - React-cxxreact (0.64.0):
    - boost-for-react-native (= 1.63.0)
    - DoubleConversion
    - glog
    - RCT-Folly (= 2020.01.13.00)
    - React-callinvoker (= 0.64.0)
    - React-jsi (= 0.64.0)
    - React-jsinspector (= 0.64.0)
    - React-perflogger (= 0.64.0)
    - React-runtimeexecutor (= 0.64.0)
  - React-jsi (0.64.0):
    - boost-for-react-native (= 1.63.0)
    - DoubleConversion
    - glog
    - RCT-Folly (= 2020.01.13.00)
    - React-jsi/Default (= 0.64.0)
  - React-jsi/Default (0.64.0):
    - boost-for-react-native (= 1.63.0)
    - DoubleConversion
    - glog
    - RCT-Folly (= 2020.01.13.00)
  - React-jsiexecutor (0.64.0):
    - DoubleConversion
    - glog
    - RCT-Folly (= 2020.01.13.00)
    - React-cxxreact (= 0.64.0)
    - React-jsi (= 0.64.0)
    - React-perflogger (= 0.64.0)
  - React-jsinspector (0.64.0)
  - react-native-background-timer (2.4.1):
    - React-Core
  - react-native-camera (4.2.1):
    - React-Core
    - react-native-camera/RCT (= 4.2.1)
    - react-native-camera/RN (= 4.2.1)
  - react-native-camera/RCT (4.2.1):
    - React-Core
  - react-native-camera/RN (4.2.1):
    - React-Core
  - react-native-cameraroll (4.1.2):
    - React-Core
  - react-native-ffmpeg (0.5.2):
    - React
    - react-native-ffmpeg/https (= 0.5.2)
  - react-native-ffmpeg/https (0.5.2):
    - mobile-ffmpeg-https (= 4.4)
    - React
  - react-native-image-picker (4.7.3):
    - React-Core
  - react-native-keep-awake (1.1.0):
    - React-Core
  - react-native-record-screen (0.4.0):
    - React-Core
  - react-native-record-screen-zone (0.1.1):
    - React
  - react-native-restart (0.0.24):
    - React-Core
  - react-native-safe-area-context (3.4.1):
    - React-Core
  - react-native-segmented-control (2.4.0):
    - React-Core
  - react-native-video (5.2.0):
    - React-Core
    - react-native-video/Video (= 5.2.0)
  - react-native-video/Video (5.2.0):
    - React-Core
  - react-native-webview (11.17.2):
    - React-Core
  - React-perflogger (0.64.0)
  - React-RCTActionSheet (0.64.0):
    - React-Core/RCTActionSheetHeaders (= 0.64.0)
  - React-RCTAnimation (0.64.0):
    - FBReactNativeSpec (= 0.64.0)
    - RCT-Folly (= 2020.01.13.00)
    - RCTTypeSafety (= 0.64.0)
    - React-Core/RCTAnimationHeaders (= 0.64.0)
    - React-jsi (= 0.64.0)
    - ReactCommon/turbomodule/core (= 0.64.0)
  - React-RCTBlob (0.64.0):
    - FBReactNativeSpec (= 0.64.0)
    - RCT-Folly (= 2020.01.13.00)
    - React-Core/RCTBlobHeaders (= 0.64.0)
    - React-Core/RCTWebSocket (= 0.64.0)
    - React-jsi (= 0.64.0)
    - React-RCTNetwork (= 0.64.0)
    - ReactCommon/turbomodule/core (= 0.64.0)
  - React-RCTImage (0.64.0):
    - FBReactNativeSpec (= 0.64.0)
    - RCT-Folly (= 2020.01.13.00)
    - RCTTypeSafety (= 0.64.0)
    - React-Core/RCTImageHeaders (= 0.64.0)
    - React-jsi (= 0.64.0)
    - React-RCTNetwork (= 0.64.0)
    - ReactCommon/turbomodule/core (= 0.64.0)
  - React-RCTLinking (0.64.0):
    - FBReactNativeSpec (= 0.64.0)
    - React-Core/RCTLinkingHeaders (= 0.64.0)
    - React-jsi (= 0.64.0)
    - ReactCommon/turbomodule/core (= 0.64.0)
  - React-RCTNetwork (0.64.0):
    - FBReactNativeSpec (= 0.64.0)
    - RCT-Folly (= 2020.01.13.00)
    - RCTTypeSafety (= 0.64.0)
    - React-Core/RCTNetworkHeaders (= 0.64.0)
    - React-jsi (= 0.64.0)
    - ReactCommon/turbomodule/core (= 0.64.0)
  - React-RCTSettings (0.64.0):
    - FBReactNativeSpec (= 0.64.0)
    - RCT-Folly (= 2020.01.13.00)
    - RCTTypeSafety (= 0.64.0)
    - React-Core/RCTSettingsHeaders (= 0.64.0)
    - React-jsi (= 0.64.0)
    - ReactCommon/turbomodule/core (= 0.64.0)
  - React-RCTText (0.64.0):
    - React-Core/RCTTextHeaders (= 0.64.0)
  - React-RCTVibration (0.64.0):
    - FBReactNativeSpec (= 0.64.0)
    - RCT-Folly (= 2020.01.13.00)
    - React-Core/RCTVibrationHeaders (= 0.64.0)
    - React-jsi (= 0.64.0)
    - ReactCommon/turbomodule/core (= 0.64.0)
  - React-runtimeexecutor (0.64.0):
    - React-jsi (= 0.64.0)
  - ReactCommon/turbomodule/core (0.64.0):
    - DoubleConversion
    - glog
    - RCT-Folly (= 2020.01.13.00)
    - React-callinvoker (= 0.64.0)
    - React-Core (= 0.64.0)
    - React-cxxreact (= 0.64.0)
    - React-jsi (= 0.64.0)
    - React-perflogger (= 0.64.0)
  - rn-fetch-blob (0.12.0):
    - React-Core
  - RNCAsyncStorage (1.16.1):
    - React-Core
  - RNCPicker (2.4.0):
    - React-Core
  - RNDateTimePicker (6.1.1):
    - React-Core
  - RNFBApp (14.7.0):
    - Firebase/CoreOnly (= 8.14.0)
    - React-Core
  - RNFBStorage (14.7.0):
    - Firebase/Storage (= 8.14.0)
    - React-Core
    - RNFBApp
  - RNFS (2.19.0):
    - React-Core
  - RNGestureHandler (2.3.0):
    - React-Core
  - RNIap (8.0.5):
    - React-Core
  - RNScreens (3.13.1):
    - React-Core
    - React-RCTImage
  - RNSVG (12.3.0):
    - React-Core
  - RNThumbnail (1.0.0):
    - React
  - RNVectorIcons (9.1.0):
    - React-Core
  - Yoga (1.14.0)
  - YogaKit (1.18.1):
    - Yoga (~> 1.14)

DEPENDENCIES:
  - DoubleConversion (from `../node_modules/react-native/third-party-podspecs/DoubleConversion.podspec`)
  - EXApplication (from `../node_modules/expo-application/ios`)
  - EXCamera (from `../node_modules/expo-camera/ios`)
  - EXConstants (from `../node_modules/expo-constants/ios`)
  - EXFileSystem (from `../node_modules/expo-file-system/ios`)
  - EXFont (from `../node_modules/expo-font/ios`)
  - EXGL (from `../node_modules/expo-gl/ios`)
  - EXGL_CPP (from `../node_modules/expo-gl-cpp/cpp`)
  - EXKeepAwake (from `../node_modules/expo-keep-awake/ios`)
  - EXMediaLibrary (from `../node_modules/expo-media-library/ios`)
  - Expo (from `../node_modules/expo/ios`)
  - ExpoModulesCore (from `../node_modules/expo-modules-core/ios`)
  - EXScreenOrientation (from `../node_modules/expo-screen-orientation/ios`)
  - EXVideoThumbnails (from `../node_modules/expo-video-thumbnails/ios`)
  - FBLazyVector (from `../node_modules/react-native/Libraries/FBLazyVector`)
  - FBReactNativeSpec (from `../node_modules/react-native/React/FBReactNativeSpec`)
  - Flipper (~> 0.75.1)
  - Flipper-DoubleConversion (= 1.1.7)
  - Flipper-Folly (~> 2.5)
  - Flipper-Glog (= 0.3.6)
  - Flipper-PeerTalk (~> 0.0.4)
  - Flipper-RSocket (~> 1.3)
  - FlipperKit (~> 0.75.1)
  - FlipperKit/Core (~> 0.75.1)
  - FlipperKit/CppBridge (~> 0.75.1)
  - FlipperKit/FBCxxFollyDynamicConvert (~> 0.75.1)
  - FlipperKit/FBDefines (~> 0.75.1)
  - FlipperKit/FKPortForwarding (~> 0.75.1)
  - FlipperKit/FlipperKitHighlightOverlay (~> 0.75.1)
  - FlipperKit/FlipperKitLayoutPlugin (~> 0.75.1)
  - FlipperKit/FlipperKitLayoutTextSearchable (~> 0.75.1)
  - FlipperKit/FlipperKitNetworkPlugin (~> 0.75.1)
  - FlipperKit/FlipperKitReactPlugin (~> 0.75.1)
  - FlipperKit/FlipperKitUserDefaultsPlugin (~> 0.75.1)
  - FlipperKit/SKIOSNetworkPlugin (~> 0.75.1)
  - glog (from `../node_modules/react-native/third-party-podspecs/glog.podspec`)
  - lottie-react-native (from `../node_modules/lottie-react-native`)
  - RCT-Folly (from `../node_modules/react-native/third-party-podspecs/RCT-Folly.podspec`)
  - RCTRequired (from `../node_modules/react-native/Libraries/RCTRequired`)
  - RCTTypeSafety (from `../node_modules/react-native/Libraries/TypeSafety`)
  - React (from `../node_modules/react-native/`)
  - React-callinvoker (from `../node_modules/react-native/ReactCommon/callinvoker`)
  - React-Core (from `../node_modules/react-native/`)
  - React-Core/DevSupport (from `../node_modules/react-native/`)
  - React-Core/RCTWebSocket (from `../node_modules/react-native/`)
  - React-CoreModules (from `../node_modules/react-native/React/CoreModules`)
  - React-cxxreact (from `../node_modules/react-native/ReactCommon/cxxreact`)
  - React-jsi (from `../node_modules/react-native/ReactCommon/jsi`)
  - React-jsiexecutor (from `../node_modules/react-native/ReactCommon/jsiexecutor`)
  - React-jsinspector (from `../node_modules/react-native/ReactCommon/jsinspector`)
  - react-native-background-timer (from `../node_modules/react-native-background-timer`)
  - react-native-camera (from `../node_modules/react-native-camera`)
  - "react-native-cameraroll (from `../node_modules/@react-native-community/cameraroll`)"
  - react-native-ffmpeg (from `../node_modules/react-native-ffmpeg`)
  - react-native-image-picker (from `../node_modules/react-native-image-picker`)
  - "react-native-keep-awake (from `../node_modules/@sayem314/react-native-keep-awake`)"
  - react-native-record-screen (from `../node_modules/react-native-record-screen`)
  - react-native-record-screen-zone (from `../node_modules/react-native-record-screen-zone`)
  - react-native-restart (from `../node_modules/react-native-restart`)
  - react-native-safe-area-context (from `../node_modules/react-native-safe-area-context`)
  - "react-native-segmented-control (from `../node_modules/@react-native-segmented-control/segmented-control`)"
  - react-native-video (from `../node_modules/react-native-video`)
  - react-native-webview (from `../node_modules/react-native-webview`)
  - React-perflogger (from `../node_modules/react-native/ReactCommon/reactperflogger`)
  - React-RCTActionSheet (from `../node_modules/react-native/Libraries/ActionSheetIOS`)
  - React-RCTAnimation (from `../node_modules/react-native/Libraries/NativeAnimation`)
  - React-RCTBlob (from `../node_modules/react-native/Libraries/Blob`)
  - React-RCTImage (from `../node_modules/react-native/Libraries/Image`)
  - React-RCTLinking (from `../node_modules/react-native/Libraries/LinkingIOS`)
  - React-RCTNetwork (from `../node_modules/react-native/Libraries/Network`)
  - React-RCTSettings (from `../node_modules/react-native/Libraries/Settings`)
  - React-RCTText (from `../node_modules/react-native/Libraries/Text`)
  - React-RCTVibration (from `../node_modules/react-native/Libraries/Vibration`)
  - React-runtimeexecutor (from `../node_modules/react-native/ReactCommon/runtimeexecutor`)
  - ReactCommon/turbomodule/core (from `../node_modules/react-native/ReactCommon`)
  - rn-fetch-blob (from `../node_modules/rn-fetch-blob`)
  - "RNCAsyncStorage (from `../node_modules/@react-native-async-storage/async-storage`)"
  - "RNCPicker (from `../node_modules/@react-native-picker/picker`)"
  - "RNDateTimePicker (from `../node_modules/@react-native-community/datetimepicker`)"
  - "RNFBApp (from `../node_modules/@react-native-firebase/app`)"
  - "RNFBStorage (from `../node_modules/@react-native-firebase/storage`)"
  - RNFS (from `../node_modules/react-native-fs`)
  - RNGestureHandler (from `../node_modules/react-native-gesture-handler`)
  - RNIap (from `../node_modules/react-native-iap`)
  - RNScreens (from `../node_modules/react-native-screens`)
  - RNSVG (from `../node_modules/react-native-svg`)
  - RNThumbnail (from `../node_modules/react-native-thumbnail/ios`)
  - RNVectorIcons (from `../node_modules/react-native-vector-icons`)
  - Yoga (from `../node_modules/react-native/ReactCommon/yoga`)

SPEC REPOS:
  trunk:
    - boost-for-react-native
    - CocoaAsyncSocket
    - Firebase
    - FirebaseCore
    - FirebaseCoreDiagnostics
    - FirebaseStorage
    - Flipper
    - Flipper-Boost-iOSX
    - Flipper-DoubleConversion
    - Flipper-Fmt
    - Flipper-Folly
    - Flipper-Glog
    - Flipper-PeerTalk
    - Flipper-RSocket
    - FlipperKit
    - GoogleDataTransport
    - GoogleUtilities
    - GTMSessionFetcher
    - libevent
    - lottie-ios
    - mobile-ffmpeg-https
    - nanopb
    - OpenSSL-Universal
    - PromisesObjC
    - YogaKit

EXTERNAL SOURCES:
  DoubleConversion:
    :podspec: "../node_modules/react-native/third-party-podspecs/DoubleConversion.podspec"
  EXApplication:
    :path: "../node_modules/expo-application/ios"
  EXCamera:
    :path: "../node_modules/expo-camera/ios"
  EXConstants:
    :path: "../node_modules/expo-constants/ios"
  EXFileSystem:
    :path: "../node_modules/expo-file-system/ios"
  EXFont:
    :path: "../node_modules/expo-font/ios"
  EXGL:
    :path: "../node_modules/expo-gl/ios"
  EXGL_CPP:
    :path: "../node_modules/expo-gl-cpp/cpp"
  EXKeepAwake:
    :path: "../node_modules/expo-keep-awake/ios"
  EXMediaLibrary:
    :path: "../node_modules/expo-media-library/ios"
  Expo:
    :path: "../node_modules/expo/ios"
  ExpoModulesCore:
    :path: "../node_modules/expo-modules-core/ios"
  EXScreenOrientation:
    :path: "../node_modules/expo-screen-orientation/ios"
  EXVideoThumbnails:
    :path: "../node_modules/expo-video-thumbnails/ios"
  FBLazyVector:
    :path: "../node_modules/react-native/Libraries/FBLazyVector"
  FBReactNativeSpec:
    :path: "../node_modules/react-native/React/FBReactNativeSpec"
  glog:
    :podspec: "../node_modules/react-native/third-party-podspecs/glog.podspec"
  lottie-react-native:
    :path: "../node_modules/lottie-react-native"
  RCT-Folly:
    :podspec: "../node_modules/react-native/third-party-podspecs/RCT-Folly.podspec"
  RCTRequired:
    :path: "../node_modules/react-native/Libraries/RCTRequired"
  RCTTypeSafety:
    :path: "../node_modules/react-native/Libraries/TypeSafety"
  React:
    :path: "../node_modules/react-native/"
  React-callinvoker:
    :path: "../node_modules/react-native/ReactCommon/callinvoker"
  React-Core:
    :path: "../node_modules/react-native/"
  React-CoreModules:
    :path: "../node_modules/react-native/React/CoreModules"
  React-cxxreact:
    :path: "../node_modules/react-native/ReactCommon/cxxreact"
  React-jsi:
    :path: "../node_modules/react-native/ReactCommon/jsi"
  React-jsiexecutor:
    :path: "../node_modules/react-native/ReactCommon/jsiexecutor"
  React-jsinspector:
    :path: "../node_modules/react-native/ReactCommon/jsinspector"
  react-native-background-timer:
    :path: "../node_modules/react-native-background-timer"
  react-native-camera:
    :path: "../node_modules/react-native-camera"
  react-native-cameraroll:
    :path: "../node_modules/@react-native-community/cameraroll"
  react-native-ffmpeg:
    :path: "../node_modules/react-native-ffmpeg"
  react-native-image-picker:
    :path: "../node_modules/react-native-image-picker"
  react-native-keep-awake:
    :path: "../node_modules/@sayem314/react-native-keep-awake"
  react-native-record-screen:
    :path: "../node_modules/react-native-record-screen"
  react-native-record-screen-zone:
    :path: "../node_modules/react-native-record-screen-zone"
  react-native-restart:
    :path: "../node_modules/react-native-restart"
  react-native-safe-area-context:
    :path: "../node_modules/react-native-safe-area-context"
  react-native-segmented-control:
    :path: "../node_modules/@react-native-segmented-control/segmented-control"
  react-native-video:
    :path: "../node_modules/react-native-video"
  react-native-webview:
    :path: "../node_modules/react-native-webview"
  React-perflogger:
    :path: "../node_modules/react-native/ReactCommon/reactperflogger"
  React-RCTActionSheet:
    :path: "../node_modules/react-native/Libraries/ActionSheetIOS"
  React-RCTAnimation:
    :path: "../node_modules/react-native/Libraries/NativeAnimation"
  React-RCTBlob:
    :path: "../node_modules/react-native/Libraries/Blob"
  React-RCTImage:
    :path: "../node_modules/react-native/Libraries/Image"
  React-RCTLinking:
    :path: "../node_modules/react-native/Libraries/LinkingIOS"
  React-RCTNetwork:
    :path: "../node_modules/react-native/Libraries/Network"
  React-RCTSettings:
    :path: "../node_modules/react-native/Libraries/Settings"
  React-RCTText:
    :path: "../node_modules/react-native/Libraries/Text"
  React-RCTVibration:
    :path: "../node_modules/react-native/Libraries/Vibration"
  React-runtimeexecutor:
    :path: "../node_modules/react-native/ReactCommon/runtimeexecutor"
  ReactCommon:
    :path: "../node_modules/react-native/ReactCommon"
  rn-fetch-blob:
    :path: "../node_modules/rn-fetch-blob"
  RNCAsyncStorage:
    :path: "../node_modules/@react-native-async-storage/async-storage"
  RNCPicker:
    :path: "../node_modules/@react-native-picker/picker"
  RNDateTimePicker:
    :path: "../node_modules/@react-native-community/datetimepicker"
  RNFBApp:
    :path: "../node_modules/@react-native-firebase/app"
  RNFBStorage:
    :path: "../node_modules/@react-native-firebase/storage"
  RNFS:
    :path: "../node_modules/react-native-fs"
  RNGestureHandler:
    :path: "../node_modules/react-native-gesture-handler"
  RNIap:
    :path: "../node_modules/react-native-iap"
  RNScreens:
    :path: "../node_modules/react-native-screens"
  RNSVG:
    :path: "../node_modules/react-native-svg"
  RNThumbnail:
    :path: "../node_modules/react-native-thumbnail/ios"
  RNVectorIcons:
    :path: "../node_modules/react-native-vector-icons"
  Yoga:
    :path: "../node_modules/react-native/ReactCommon/yoga"

SPEC CHECKSUMS:
  boost-for-react-native: 39c7adb57c4e60d6c5479dd8623128eb5b3f0f2c
  CocoaAsyncSocket: 065fd1e645c7abab64f7a6a2007a48038fdc6a99
  DoubleConversion: cf9b38bf0b2d048436d9a82ad2abe1404f11e7de
  EXApplication: 54fe5bd6268d697771645e8f1aef8b806a65247a
  EXCamera: 03d69135ceb6f5f18f37b63eddb63d7643b65c42
  EXConstants: 88bf79622fbd9b476c96d8ec57fe97ca44fe8e3c
  EXFileSystem: 08a3033ac372b6346becf07839e1ccef26fb1058
  EXFont: 2597c10ac85a69d348d44d7873eccf5a7576ef5e
  EXGL: e3def34c0735591c89f62e6649b157d0985c3a8b
  EXGL_CPP: 23709fa188f51702294bf93e19a4fe6dec4f0472
  EXKeepAwake: bf48d7f740a5cd2befed6cf9a49911d385c6c47d
  EXMediaLibrary: 843669e1d9d38965057830138609ee99ef260cf1
  Expo: 6ca1d5ca8c8264a7131a608afcd01561f79f1e6e
  ExpoModulesCore: d04e519b3e8e21523b195bb21a40144e30f1e163
  EXScreenOrientation: ca9375ec57e5706128062867516da0b03a97ef64
  EXVideoThumbnails: 847d648d6f4bc0c1afad05caa56a487dc543445e
  FBLazyVector: 49cbe4b43e445b06bf29199b6ad2057649e4c8f5
  FBReactNativeSpec: 7a40fd4b3aaf909710d3ecb9a5e076cad29c1aac
  Firebase: 7e8fe528c161b9271d365217a74c16aaf834578e
  FirebaseCore: b84a44ee7ba999e0f9f76d198a9c7f60a797b848
  FirebaseCoreDiagnostics: 92e07a649aeb66352b319d43bdd2ee3942af84cb
  FirebaseStorage: 32ab036ce11eb7e94c279a238a65efa24f81593d
  Flipper: d3da1aa199aad94455ae725e9f3aa43f3ec17021
  Flipper-Boost-iOSX: fd1e2b8cbef7e662a122412d7ac5f5bea715403c
  Flipper-DoubleConversion: 38631e41ef4f9b12861c67d17cb5518d06badc41
  Flipper-Fmt: 60cbdd92fc254826e61d669a5d87ef7015396a9b
  Flipper-Folly: 584845625005ff068a6ebf41f857f468decd26b3
  Flipper-Glog: 1dfd6abf1e922806c52ceb8701a3599a79a200a6
  Flipper-PeerTalk: 116d8f857dc6ef55c7a5a75ea3ceaafe878aadc9
  Flipper-RSocket: d9d9ade67cbecf6ac10730304bf5607266dd2541
  FlipperKit: 8a20b5c5fcf9436cac58551dc049867247f64b00
  glog: 73c2498ac6884b13ede40eda8228cb1eee9d9d62
  GoogleDataTransport: 5fffe35792f8b96ec8d6775f5eccd83c998d5a3b
  GoogleUtilities: e0913149f6b0625b553d70dae12b49fc62914fd1
  GTMSessionFetcher: 5595ec75acf5be50814f81e9189490412bad82ba
  libevent: 4049cae6c81cdb3654a443be001fb9bdceff7913
  lottie-ios: c058aeafa76daa4cf64d773554bccc8385d0150e
  lottie-react-native: a029a86e1689c86a07169c520ae770e84348cd20
  mobile-ffmpeg-https: 311fc4a8f671cf36d1d6b8f421e8246b790978d9
  nanopb: a0ba3315591a9ae0a16a309ee504766e90db0c96
  OpenSSL-Universal: ebc357f1e6bc71fa463ccb2fe676756aff50e88c
  PromisesObjC: 99b6f43f9e1044bd87a95a60beff28c2c44ddb72
  RCT-Folly: ec7a233ccc97cc556cf7237f0db1ff65b986f27c
  RCTRequired: 2f8cb5b7533219bf4218a045f92768129cf7050a
  RCTTypeSafety: 512728b73549e72ad7330b92f3d42936f2a4de5b
  React: 98eac01574128a790f0bbbafe2d1a8607291ac24
  React-callinvoker: def3f7fae16192df68d9b69fd4bbb59092ee36bc
  React-Core: 70a52aa5dbe9b83befae82038451a7df9fd54c5a
  React-CoreModules: 052edef46117862e2570eb3a0f06d81c61d2c4b8
  React-cxxreact: c1dc71b30653cfb4770efdafcbdc0ad6d388baab
  React-jsi: 74341196d9547cbcbcfa4b3bbbf03af56431d5a1
  React-jsiexecutor: 06a9c77b56902ae7ffcdd7a4905f664adc5d237b
  React-jsinspector: 0ae35a37b20d5e031eb020a69cc5afdbd6406301
  react-native-background-timer: 17ea5e06803401a379ebf1f20505b793ac44d0fe
  react-native-camera: 3eae183c1d111103963f3dd913b65d01aef8110f
  react-native-cameraroll: 2957f2bce63ae896a848fbe0d5352c1bd4d20866
  react-native-ffmpeg: 587fa045f985d775107f4b8cbb6c79df0ad68e63
  react-native-image-picker: 4e6008ad8c2321622affa2c85432a5ebd02d480c
  react-native-keep-awake: acbee258db16483744910f0da3ace39eb9ab47fd
  react-native-record-screen: ed8a11f81433022cb0383831ce7e79c42e000bb1
  react-native-record-screen-zone: cfbaefaf06bf3b707c0c9c6d9415eb570e73160a
  react-native-restart: 45c8dca02491980f2958595333cbccd6877cb57e
  react-native-safe-area-context: 9e40fb181dac02619414ba1294d6c2a807056ab9
  react-native-segmented-control: 06607462630512ff8eef652ec560e6235a30cc3e
  react-native-video: a4c2635d0802f983594b7057e1bce8f442f0ad28
  react-native-webview: 380c1a03ec94b7ed764dac8db1e7c9952d08c93a
  React-perflogger: 9c547d8f06b9bf00cb447f2b75e8d7f19b7e02af
  React-RCTActionSheet: 3080b6e12e0e1a5b313c8c0050699b5c794a1b11
  React-RCTAnimation: 3f96f21a497ae7dabf4d2f150ee43f906aaf516f
  React-RCTBlob: 283b8e5025e7f954176bc48164f846909002f3ed
  React-RCTImage: 5088a484faac78f2d877e1b79125d3bb1ea94a16
  React-RCTLinking: 5e8fbb3e9a8bc2e4e3eb15b1eb8bda5fcac27b8c
  React-RCTNetwork: 38ec277217b1e841d5e6a1fa78da65b9212ccb28
  React-RCTSettings: 242d6e692108c3de4f3bb74b7586a8799e9ab070
  React-RCTText: 8746736ac8eb5a4a74719aa695b7a236a93a83d2
  React-RCTVibration: 0fd6b21751a33cb72fce1a4a33ab9678416d307a
  React-runtimeexecutor: cad74a1eaa53ee6e7a3620231939d8fe2c6afcf0
  ReactCommon: cfe2b7fd20e0dbd2d1185cd7d8f99633fbc5ff05
  rn-fetch-blob: f065bb7ab7fb48dd002629f8bdcb0336602d3cba
  RNCAsyncStorage: b49b4e38a1548d03b74b30e558a1d18465b94be7
  RNCPicker: 6d5d64e7b90c240c779ee0938ec433c11e2dd758
  RNDateTimePicker: 235c35a1c4f8e86e7b83f3b62fa822abbbacb2c5
  RNFBApp: 097a31d372b3db15b41c7a1a5c429433b0609e12
  RNFBStorage: c5e7b02c06014908fa70261836a05fa0ef476d45
  RNFS: fc610f78fdf8bfc89a9e5cc2f898519f4dba1002
  RNGestureHandler: 77d59828d40838c9fabb76a12d2d0a80c006906f
  RNIap: 2bb5fdc51db7f62f194efdd5e9d613ae48605cb1
  RNScreens: 40a2cb40a02a609938137a1e0acfbf8fc9eebf19
  RNSVG: 302bfc9905bd8122f08966dc2ce2d07b7b52b9f8
  RNThumbnail: f5d3c6e18dd15213ce46e1f631be65d4c6fcb133
  RNVectorIcons: 7923e585eaeb139b9f4531d25a125a1500162a0b
  Yoga: 8c8436d4171c87504c648ae23b1d81242bdf3bbf
  YogaKit: f782866e155069a2cca2517aafea43200b01fd5a

PODFILE CHECKSUM: 80b635478c11e29075b02d2972cb17f509b0266d

COCOAPODS: 1.11.3
